
Microsoft Visual Studio Solution File, Format Version 12.00
# Visual Studio Version 16
VisualStudioVersion = 16.0.28803.202
MinimumVisualStudioVersion = 10.0.40219.1
Project("{F184B08F-C81C-45F6-A57F-5ABD9991F28F}") = "Hex Baron", "Hex Baron.vbproj", "{F1BB91B4-0752-4402-B7B7-8ADAF37C08F2}"
EndProject
Global
	GlobalSection(SolutionConfigurationPlatforms) = preSolution
		Debug|Any CPU = Debug|Any CPU
		Release|Any CPU = Release|Any CPU
	EndGlobalSection
	GlobalSection(ProjectConfigurationPlatforms) = postSolution
		{F1BB91B4-0752-4402-B7B7-8ADAF37C08F2}.Debug|Any CPU.ActiveCfg = Debug|Any CPU
		{F1BB91B4-0752-4402-B7B7-8ADAF37C08F2}.Debug|Any CPU.Build.0 = Debug|Any CPU
		{F1BB91B4-0752-4402-B7B7-8ADAF37C08F2}.Release|Any CPU.ActiveCfg = Release|Any CPU
		{F1BB91B4-0752-4402-B7B7-8ADAF37C08F2}.Release|Any CPU.Build.0 = Release|Any CPU
	EndGlobalSection
	GlobalSection(SolutionProperties) = preSolution
		HideSolutionNode = FALSE
	EndGlobalSection
	GlobalSection(ExtensibilityGlobals) = postSolution
		SolutionGuid = {6663089E-288F-492F-9144-1537F4BF3CC0}
	EndGlobalSection
EndGlobal
